
Microsoft Visual Studio Solution File, Format Version 12.00
# Visual Studio Version 17
VisualStudioVersion = 17.2.32602.215
MinimumVisualStudioVersion = 10.0.40219.1
Project("{FAE04EC0-301F-11D3-BF4B-00C04F79EFBC}") = "DemoApp", "DemoApp.csproj", "{35509AD1-C8D0-422E-84DE-ACDF7DCA2F77}"
EndProject
Global
	GlobalSection(SolutionConfigurationPlatforms) = preSolution
		Debug|Any CPU = Debug|Any CPU
		Release|Any CPU = Release|Any CPU
	EndGlobalSection
	GlobalSection(ProjectConfigurationPlatforms) = postSolution
		{35509AD1-C8D0-422E-84DE-ACDF7DCA2F77}.Debug|Any CPU.ActiveCfg = Debug|Any CPU
		{35509AD1-C8D0-422E-84DE-ACDF7DCA2F77}.Debug|Any CPU.Build.0 = Debug|Any CPU
		{35509AD1-C8D0-422E-84DE-ACDF7DCA2F77}.Release|Any CPU.ActiveCfg = Release|Any CPU
		{35509AD1-C8D0-422E-84DE-ACDF7DCA2F77}.Release|Any CPU.Build.0 = Release|Any CPU
	EndGlobalSection
	GlobalSection(SolutionProperties) = preSolution
		HideSolutionNode = FALSE
	EndGlobalSection
	GlobalSection(ExtensibilityGlobals) = postSolution
		SolutionGuid = {F6AE0632-69BE-4B28-BF30-A5AEFFF99BDD}
	EndGlobalSection
EndGlobal
